
Microsoft Visual Studio Solution File, Format Version 12.00
# Visual Studio Version 17
VisualStudioVersion = 17.0.32112.339
MinimumVisualStudioVersion = 10.0.40219.1
Project("{FAE04EC0-301F-11D3-BF4B-00C04F79EFBC}") = "ConsoleToWebAPI", "ConsoleToWebAPI\ConsoleToWebAPI.csproj", "{314E135B-A074-432E-BD09-0CC6B5D4D507}"
EndProject
Global
	GlobalSection(SolutionConfigurationPlatforms) = preSolution
		Debug|Any CPU = Debug|Any CPU
		Release|Any CPU = Release|Any CPU
	EndGlobalSection
	GlobalSection(ProjectConfigurationPlatforms) = postSolution
		{314E135B-A074-432E-BD09-0CC6B5D4D507}.Debug|Any CPU.ActiveCfg = Debug|Any CPU
		{314E135B-A074-432E-BD09-0CC6B5D4D507}.Debug|Any CPU.Build.0 = Debug|Any CPU
		{314E135B-A074-432E-BD09-0CC6B5D4D507}.Release|Any CPU.ActiveCfg = Release|Any CPU
		{314E135B-A074-432E-BD09-0CC6B5D4D507}.Release|Any CPU.Build.0 = Release|Any CPU
	EndGlobalSection
	GlobalSection(SolutionProperties) = preSolution
		HideSolutionNode = FALSE
	EndGlobalSection
	GlobalSection(ExtensibilityGlobals) = postSolution
		SolutionGuid = {C39A4A5B-5035-4F84-94B0-A9A777347B15}
	EndGlobalSection
EndGlobal
